
Microsoft Visual Studio Solution File, Format Version 12.00
# Visual Studio Version 16
VisualStudioVersion = 16.0.29728.190
MinimumVisualStudioVersion = 10.0.40219.1
Project("{9A19103F-16F7-4668-BE54-9A1E7A4F7556}") = "ConfigurationApi.Lib", "ConfigurationApi.Lib\ConfigurationApi.Lib.csproj", "{C7404806-80F0-415D-BF2E-30C2BABDE12C}"
EndProject
Project("{9A19103F-16F7-4668-BE54-9A1E7A4F7556}") = "ConfigurationApi", "ConfigurationApi\ConfigurationApi.csproj", "{99B49DED-8B7C-405F-A0E1-4C9229B68BC7}"
EndProject
Project("{9A19103F-16F7-4668-BE54-9A1E7A4F7556}") = "EDennis.AspNetCore.Base", "..\..\src\EDennis.AspNetCore.Base\EDennis.AspNetCore.Base.csproj", "{7F7FAF49-A09D-4F15-876E-D9913FD7955E}"
EndProject
Global
	GlobalSection(SolutionConfigurationPlatforms) = preSolution
		Debug|Any CPU = Debug|Any CPU
		Release|Any CPU = Release|Any CPU
	EndGlobalSection
	GlobalSection(ProjectConfigurationPlatforms) = postSolution
		{C7404806-80F0-415D-BF2E-30C2BABDE12C}.Debug|Any CPU.ActiveCfg = Debug|Any CPU
		{C7404806-80F0-415D-BF2E-30C2BABDE12C}.Debug|Any CPU.Build.0 = Debug|Any CPU
		{C7404806-80F0-415D-BF2E-30C2BABDE12C}.Release|Any CPU.ActiveCfg = Release|Any CPU
		{C7404806-80F0-415D-BF2E-30C2BABDE12C}.Release|Any CPU.Build.0 = Release|Any CPU
		{99B49DED-8B7C-405F-A0E1-4C9229B68BC7}.Debug|Any CPU.ActiveCfg = Debug|Any CPU
		{99B49DED-8B7C-405F-A0E1-4C9229B68BC7}.Debug|Any CPU.Build.0 = Debug|Any CPU
		{99B49DED-8B7C-405F-A0E1-4C9229B68BC7}.Release|Any CPU.ActiveCfg = Release|Any CPU
		{99B49DED-8B7C-405F-A0E1-4C9229B68BC7}.Release|Any CPU.Build.0 = Release|Any CPU
		{7F7FAF49-A09D-4F15-876E-D9913FD7955E}.Debug|Any CPU.ActiveCfg = Debug|Any CPU
		{7F7FAF49-A09D-4F15-876E-D9913FD7955E}.Debug|Any CPU.Build.0 = Debug|Any CPU
		{7F7FAF49-A09D-4F15-876E-D9913FD7955E}.Release|Any CPU.ActiveCfg = Release|Any CPU
		{7F7FAF49-A09D-4F15-876E-D9913FD7955E}.Release|Any CPU.Build.0 = Release|Any CPU
	EndGlobalSection
	GlobalSection(SolutionProperties) = preSolution
		HideSolutionNode = FALSE
	EndGlobalSection
	GlobalSection(ExtensibilityGlobals) = postSolution
		SolutionGuid = {6599D621-E795-42B4-AD40-D8C23A8E2774}
	EndGlobalSection
EndGlobal
