
Microsoft Visual Studio Solution File, Format Version 12.00
# Visual Studio Version 16
VisualStudioVersion = 16.0.29503.13
MinimumVisualStudioVersion = 10.0.40219.1
Project("{9A19103F-16F7-4668-BE54-9A1E7A4F7556}") = "EDennis.AspNetCore.ConfigTests", "EDennis.AspNetCore.ConfigTests\EDennis.AspNetCore.ConfigTests.csproj", "{9D7BA624-046C-4F56-841B-8406D088B323}"
EndProject
Project("{9A19103F-16F7-4668-BE54-9A1E7A4F7556}") = "EDennis.Samples.MultipleConfigsApi", "EDennis.Samples.MultipleConfigsApi\EDennis.Samples.MultipleConfigsApi.csproj", "{F47AA51D-A8C6-45C8-8079-EB7F7287E449}"
EndProject
Project("{9A19103F-16F7-4668-BE54-9A1E7A4F7556}") = "EDennis.AspNetCore.Base", "..\..\src\EDennis.AspNetCore.Base\EDennis.AspNetCore.Base.csproj", "{F56AEF9C-75D5-47E5-B80E-19F69D402D3E}"
EndProject
Project("{9A19103F-16F7-4668-BE54-9A1E7A4F7556}") = "EDennis.NetCoreTestingUtilities", "..\..\..\EDennis.NetCoreTestingUtilities\EDennis.NetCoreTestingUtilities\EDennis.NetCoreTestingUtilities\EDennis.NetCoreTestingUtilities.csproj", "{E776FA65-25E4-4DAD-B4D9-23CC8661CCD2}"
EndProject
Project("{9A19103F-16F7-4668-BE54-9A1E7A4F7556}") = "EDennis.JsonUtils", "..\..\..\JsonUtils-SystemTextJson\EDennis.JsonUtils\EDennis.JsonUtils\EDennis.JsonUtils.csproj", "{9915C346-A501-4BDF-99DA-151271BF80DC}"
EndProject
Global
	GlobalSection(SolutionConfigurationPlatforms) = preSolution
		Debug|Any CPU = Debug|Any CPU
		Release|Any CPU = Release|Any CPU
	EndGlobalSection
	GlobalSection(ProjectConfigurationPlatforms) = postSolution
		{9D7BA624-046C-4F56-841B-8406D088B323}.Debug|Any CPU.ActiveCfg = Debug|Any CPU
		{9D7BA624-046C-4F56-841B-8406D088B323}.Debug|Any CPU.Build.0 = Debug|Any CPU
		{9D7BA624-046C-4F56-841B-8406D088B323}.Release|Any CPU.ActiveCfg = Release|Any CPU
		{9D7BA624-046C-4F56-841B-8406D088B323}.Release|Any CPU.Build.0 = Release|Any CPU
		{F47AA51D-A8C6-45C8-8079-EB7F7287E449}.Debug|Any CPU.ActiveCfg = Debug|Any CPU
		{F47AA51D-A8C6-45C8-8079-EB7F7287E449}.Debug|Any CPU.Build.0 = Debug|Any CPU
		{F47AA51D-A8C6-45C8-8079-EB7F7287E449}.Release|Any CPU.ActiveCfg = Release|Any CPU
		{F47AA51D-A8C6-45C8-8079-EB7F7287E449}.Release|Any CPU.Build.0 = Release|Any CPU
		{F56AEF9C-75D5-47E5-B80E-19F69D402D3E}.Debug|Any CPU.ActiveCfg = Debug|Any CPU
		{F56AEF9C-75D5-47E5-B80E-19F69D402D3E}.Debug|Any CPU.Build.0 = Debug|Any CPU
		{F56AEF9C-75D5-47E5-B80E-19F69D402D3E}.Release|Any CPU.ActiveCfg = Release|Any CPU
		{F56AEF9C-75D5-47E5-B80E-19F69D402D3E}.Release|Any CPU.Build.0 = Release|Any CPU
		{E776FA65-25E4-4DAD-B4D9-23CC8661CCD2}.Debug|Any CPU.ActiveCfg = Debug|Any CPU
		{E776FA65-25E4-4DAD-B4D9-23CC8661CCD2}.Debug|Any CPU.Build.0 = Debug|Any CPU
		{E776FA65-25E4-4DAD-B4D9-23CC8661CCD2}.Release|Any CPU.ActiveCfg = Release|Any CPU
		{E776FA65-25E4-4DAD-B4D9-23CC8661CCD2}.Release|Any CPU.Build.0 = Release|Any CPU
		{9915C346-A501-4BDF-99DA-151271BF80DC}.Debug|Any CPU.ActiveCfg = Debug|Any CPU
		{9915C346-A501-4BDF-99DA-151271BF80DC}.Debug|Any CPU.Build.0 = Debug|Any CPU
		{9915C346-A501-4BDF-99DA-151271BF80DC}.Release|Any CPU.ActiveCfg = Release|Any CPU
		{9915C346-A501-4BDF-99DA-151271BF80DC}.Release|Any CPU.Build.0 = Release|Any CPU
	EndGlobalSection
	GlobalSection(SolutionProperties) = preSolution
		HideSolutionNode = FALSE
	EndGlobalSection
	GlobalSection(ExtensibilityGlobals) = postSolution
		SolutionGuid = {60CCDC64-9A69-49B1-BAB6-F143EE0A9725}
	EndGlobalSection
EndGlobal
