
Microsoft Visual Studio Solution File, Format Version 12.00
# Visual Studio Version 16
VisualStudioVersion = 16.0.29230.61
MinimumVisualStudioVersion = 10.0.40219.1
Project("{9A19103F-16F7-4668-BE54-9A1E7A4F7556}") = "EDennis.AspNetCore.Base", "EDennis.AspNetCore.Base\EDennis.AspNetCore.Base.csproj", "{11EF6620-8034-4D03-A1C9-032FED7523AD}"
EndProject
Project("{9A19103F-16F7-4668-BE54-9A1E7A4F7556}") = "EDennis.Samples.Hr.InternalApi1", "EDennis.Samples.Hr.InternalApi1\EDennis.Samples.Hr.InternalApi1.csproj", "{008CB93C-BEAE-4B02-AC79-DDCB92729D89}"
EndProject
Project("{9A19103F-16F7-4668-BE54-9A1E7A4F7556}") = "EDennis.Samples.Hr.InternalApi2", "EDennis.Samples.Hr.InternalApi2\EDennis.Samples.Hr.InternalApi2.csproj", "{921F02C7-02BE-4344-8273-143901F9048A}"
EndProject
Project("{9A19103F-16F7-4668-BE54-9A1E7A4F7556}") = "EDennis.Samples.Hr.ExternalApi", "EDennis.Samples.Hr.ExternalApi\EDennis.Samples.Hr.ExternalApi.csproj", "{D1A0B0EE-15B7-43A9-8E5F-A807FDF405E0}"
EndProject
Project("{9A19103F-16F7-4668-BE54-9A1E7A4F7556}") = "EDennis.Samples.Hr.InternalApi1.Tests", "EDennis.Samples.Hr.InternalApi1.Tests\EDennis.Samples.Hr.InternalApi1.Tests.csproj", "{36912CE8-BB75-43B1-AF47-7D16C3E42267}"
EndProject
Project("{9A19103F-16F7-4668-BE54-9A1E7A4F7556}") = "EDennis.Samples.Hr.ExternalApi.Tests", "EDennis.Samples.Hr.ExternalApi.Tests\EDennis.Samples.Hr.ExternalApi.Tests.csproj", "{8FF38A6C-F0AB-4526-BEC0-AEC9A05865A8}"
EndProject
Project("{9A19103F-16F7-4668-BE54-9A1E7A4F7556}") = "EDennis.Samples.Hr.InternalApi2.Tests", "EDennis.Samples.Hr.InternalApi2.Tests\EDennis.Samples.Hr.InternalApi2.Tests.csproj", "{AB399B7C-7495-4D53-AC08-E1797B13FC93}"
EndProject
Project("{2150E333-8FDC-42A3-9474-1A3956D46DE8}") = "Solution Items", "Solution Items", "{F42482EE-F8F1-4FD9-B5AF-EA66F91FC3E4}"
	ProjectSection(SolutionItems) = preProject
		ApiLauncherConsoleExample.png = ApiLauncherConsoleExample.png
		apiLauncherHiRes.png = apiLauncherHiRes.png
		ExecuteTestSqlPowerShellScript.docx = ExecuteTestSqlPowerShellScript.docx
		FourRepoTypes.png = FourRepoTypes.png
		ParallelArchitecture.jpg = ParallelArchitecture.jpg
		README.md = README.md
		TemporalEntities.png = TemporalEntities.png
	EndProjectSection
EndProject
Project("{9A19103F-16F7-4668-BE54-9A1E7A4F7556}") = "EDennis.Samples.DefaultPoliciesApi", "EDennis.Samples.DefaultPoliciesApi\EDennis.Samples.DefaultPoliciesApi.csproj", "{D70C000D-FC4D-415E-A09A-09370E2A8D0E}"
EndProject
Project("{9A19103F-16F7-4668-BE54-9A1E7A4F7556}") = "IdentityServer", "IdentityServer\IdentityServer.csproj", "{23F5A36A-9646-456D-B0FB-6986F17B273E}"
EndProject
Project("{9A19103F-16F7-4668-BE54-9A1E7A4F7556}") = "EDennis.Samples.Colors.InternalApi", "EDennis.Samples.Colors.InternalApi\EDennis.Samples.Colors.InternalApi.csproj", "{60DF4CC1-CA0A-4479-8A0B-A6D8A70F25CC}"
EndProject
Project("{9A19103F-16F7-4668-BE54-9A1E7A4F7556}") = "EDennis.Samples.Colors.ExternalApi", "EDennis.Samples.Colors.ExternalApi\EDennis.Samples.Colors.ExternalApi.csproj", "{1B15A993-90E1-4223-9ACA-6C159F8601A9}"
EndProject
Project("{9A19103F-16F7-4668-BE54-9A1E7A4F7556}") = "EDennis.AspNetCore.Base.Tests", "EDennis.AspNetCore.Base.Tests\EDennis.AspNetCore.Base.Tests.csproj", "{7A66FB1E-5770-43CA-90DC-3E5E4DD23E7D}"
EndProject
Project("{9A19103F-16F7-4668-BE54-9A1E7A4F7556}") = "EDennis.Samples.Colors2Api", "EDennis.Samples.Colors2Api\EDennis.Samples.Colors2Api.csproj", "{99E54C92-FF22-4987-8A45-2E33CA43EB18}"
EndProject
Project("{9A19103F-16F7-4668-BE54-9A1E7A4F7556}") = "EDennis.Samples.Colors2Api.Tests", "EDennis.Samples.Colors2Api.Tests\EDennis.Samples.Colors2Api.Tests.csproj", "{0C28DFBC-F0D9-4128-928B-0452326F533E}"
EndProject
Project("{9A19103F-16F7-4668-BE54-9A1E7A4F7556}") = "EDennis.Samples.DefaultPoliciesMvc", "EDennis.Samples.DefaultPoliciesMvc\EDennis.Samples.DefaultPoliciesMvc.csproj", "{DDBA7FBA-4165-4810-A6B9-265F8689DCCF}"
EndProject
Global
	GlobalSection(SolutionConfigurationPlatforms) = preSolution
		Debug|Any CPU = Debug|Any CPU
		Release|Any CPU = Release|Any CPU
	EndGlobalSection
	GlobalSection(ProjectConfigurationPlatforms) = postSolution
		{11EF6620-8034-4D03-A1C9-032FED7523AD}.Debug|Any CPU.ActiveCfg = Debug|Any CPU
		{11EF6620-8034-4D03-A1C9-032FED7523AD}.Debug|Any CPU.Build.0 = Debug|Any CPU
		{11EF6620-8034-4D03-A1C9-032FED7523AD}.Release|Any CPU.ActiveCfg = Release|Any CPU
		{11EF6620-8034-4D03-A1C9-032FED7523AD}.Release|Any CPU.Build.0 = Release|Any CPU
		{008CB93C-BEAE-4B02-AC79-DDCB92729D89}.Debug|Any CPU.ActiveCfg = Debug|Any CPU
		{008CB93C-BEAE-4B02-AC79-DDCB92729D89}.Debug|Any CPU.Build.0 = Debug|Any CPU
		{008CB93C-BEAE-4B02-AC79-DDCB92729D89}.Release|Any CPU.ActiveCfg = Release|Any CPU
		{008CB93C-BEAE-4B02-AC79-DDCB92729D89}.Release|Any CPU.Build.0 = Release|Any CPU
		{921F02C7-02BE-4344-8273-143901F9048A}.Debug|Any CPU.ActiveCfg = Debug|Any CPU
		{921F02C7-02BE-4344-8273-143901F9048A}.Debug|Any CPU.Build.0 = Debug|Any CPU
		{921F02C7-02BE-4344-8273-143901F9048A}.Release|Any CPU.ActiveCfg = Release|Any CPU
		{921F02C7-02BE-4344-8273-143901F9048A}.Release|Any CPU.Build.0 = Release|Any CPU
		{D1A0B0EE-15B7-43A9-8E5F-A807FDF405E0}.Debug|Any CPU.ActiveCfg = Debug|Any CPU
		{D1A0B0EE-15B7-43A9-8E5F-A807FDF405E0}.Debug|Any CPU.Build.0 = Debug|Any CPU
		{D1A0B0EE-15B7-43A9-8E5F-A807FDF405E0}.Release|Any CPU.ActiveCfg = Release|Any CPU
		{D1A0B0EE-15B7-43A9-8E5F-A807FDF405E0}.Release|Any CPU.Build.0 = Release|Any CPU
		{36912CE8-BB75-43B1-AF47-7D16C3E42267}.Debug|Any CPU.ActiveCfg = Debug|Any CPU
		{36912CE8-BB75-43B1-AF47-7D16C3E42267}.Debug|Any CPU.Build.0 = Debug|Any CPU
		{36912CE8-BB75-43B1-AF47-7D16C3E42267}.Release|Any CPU.ActiveCfg = Release|Any CPU
		{36912CE8-BB75-43B1-AF47-7D16C3E42267}.Release|Any CPU.Build.0 = Release|Any CPU
		{8FF38A6C-F0AB-4526-BEC0-AEC9A05865A8}.Debug|Any CPU.ActiveCfg = Debug|Any CPU
		{8FF38A6C-F0AB-4526-BEC0-AEC9A05865A8}.Debug|Any CPU.Build.0 = Debug|Any CPU
		{8FF38A6C-F0AB-4526-BEC0-AEC9A05865A8}.Release|Any CPU.ActiveCfg = Release|Any CPU
		{8FF38A6C-F0AB-4526-BEC0-AEC9A05865A8}.Release|Any CPU.Build.0 = Release|Any CPU
		{AB399B7C-7495-4D53-AC08-E1797B13FC93}.Debug|Any CPU.ActiveCfg = Debug|Any CPU
		{AB399B7C-7495-4D53-AC08-E1797B13FC93}.Debug|Any CPU.Build.0 = Debug|Any CPU
		{AB399B7C-7495-4D53-AC08-E1797B13FC93}.Release|Any CPU.ActiveCfg = Release|Any CPU
		{AB399B7C-7495-4D53-AC08-E1797B13FC93}.Release|Any CPU.Build.0 = Release|Any CPU
		{D70C000D-FC4D-415E-A09A-09370E2A8D0E}.Debug|Any CPU.ActiveCfg = Debug|Any CPU
		{D70C000D-FC4D-415E-A09A-09370E2A8D0E}.Debug|Any CPU.Build.0 = Debug|Any CPU
		{D70C000D-FC4D-415E-A09A-09370E2A8D0E}.Release|Any CPU.ActiveCfg = Release|Any CPU
		{D70C000D-FC4D-415E-A09A-09370E2A8D0E}.Release|Any CPU.Build.0 = Release|Any CPU
		{23F5A36A-9646-456D-B0FB-6986F17B273E}.Debug|Any CPU.ActiveCfg = Debug|Any CPU
		{23F5A36A-9646-456D-B0FB-6986F17B273E}.Debug|Any CPU.Build.0 = Debug|Any CPU
		{23F5A36A-9646-456D-B0FB-6986F17B273E}.Release|Any CPU.ActiveCfg = Release|Any CPU
		{23F5A36A-9646-456D-B0FB-6986F17B273E}.Release|Any CPU.Build.0 = Release|Any CPU
		{60DF4CC1-CA0A-4479-8A0B-A6D8A70F25CC}.Debug|Any CPU.ActiveCfg = Debug|Any CPU
		{60DF4CC1-CA0A-4479-8A0B-A6D8A70F25CC}.Debug|Any CPU.Build.0 = Debug|Any CPU
		{60DF4CC1-CA0A-4479-8A0B-A6D8A70F25CC}.Release|Any CPU.ActiveCfg = Release|Any CPU
		{60DF4CC1-CA0A-4479-8A0B-A6D8A70F25CC}.Release|Any CPU.Build.0 = Release|Any CPU
		{1B15A993-90E1-4223-9ACA-6C159F8601A9}.Debug|Any CPU.ActiveCfg = Debug|Any CPU
		{1B15A993-90E1-4223-9ACA-6C159F8601A9}.Debug|Any CPU.Build.0 = Debug|Any CPU
		{1B15A993-90E1-4223-9ACA-6C159F8601A9}.Release|Any CPU.ActiveCfg = Release|Any CPU
		{1B15A993-90E1-4223-9ACA-6C159F8601A9}.Release|Any CPU.Build.0 = Release|Any CPU
		{7A66FB1E-5770-43CA-90DC-3E5E4DD23E7D}.Debug|Any CPU.ActiveCfg = Debug|Any CPU
		{7A66FB1E-5770-43CA-90DC-3E5E4DD23E7D}.Debug|Any CPU.Build.0 = Debug|Any CPU
		{7A66FB1E-5770-43CA-90DC-3E5E4DD23E7D}.Release|Any CPU.ActiveCfg = Release|Any CPU
		{7A66FB1E-5770-43CA-90DC-3E5E4DD23E7D}.Release|Any CPU.Build.0 = Release|Any CPU
		{99E54C92-FF22-4987-8A45-2E33CA43EB18}.Debug|Any CPU.ActiveCfg = Debug|Any CPU
		{99E54C92-FF22-4987-8A45-2E33CA43EB18}.Debug|Any CPU.Build.0 = Debug|Any CPU
		{99E54C92-FF22-4987-8A45-2E33CA43EB18}.Release|Any CPU.ActiveCfg = Release|Any CPU
		{99E54C92-FF22-4987-8A45-2E33CA43EB18}.Release|Any CPU.Build.0 = Release|Any CPU
		{0C28DFBC-F0D9-4128-928B-0452326F533E}.Debug|Any CPU.ActiveCfg = Debug|Any CPU
		{0C28DFBC-F0D9-4128-928B-0452326F533E}.Debug|Any CPU.Build.0 = Debug|Any CPU
		{0C28DFBC-F0D9-4128-928B-0452326F533E}.Release|Any CPU.ActiveCfg = Release|Any CPU
		{0C28DFBC-F0D9-4128-928B-0452326F533E}.Release|Any CPU.Build.0 = Release|Any CPU
		{DDBA7FBA-4165-4810-A6B9-265F8689DCCF}.Debug|Any CPU.ActiveCfg = Debug|Any CPU
		{DDBA7FBA-4165-4810-A6B9-265F8689DCCF}.Debug|Any CPU.Build.0 = Debug|Any CPU
		{DDBA7FBA-4165-4810-A6B9-265F8689DCCF}.Release|Any CPU.ActiveCfg = Release|Any CPU
		{DDBA7FBA-4165-4810-A6B9-265F8689DCCF}.Release|Any CPU.Build.0 = Release|Any CPU
	EndGlobalSection
	GlobalSection(SolutionProperties) = preSolution
		HideSolutionNode = FALSE
	EndGlobalSection
	GlobalSection(ExtensibilityGlobals) = postSolution
		SolutionGuid = {A4C535BF-16F2-4A03-98D7-358BEB5523A0}
	EndGlobalSection
EndGlobal
