
Microsoft Visual Studio Solution File, Format Version 12.00
# Visual Studio Version 16
VisualStudioVersion = 16.0.29503.13
MinimumVisualStudioVersion = 10.0.40219.1
Project("{9A19103F-16F7-4668-BE54-9A1E7A4F7556}") = "EDennis.AspNetCore.Base", "..\..\src\EDennis.AspNetCore.Base\EDennis.AspNetCore.Base.csproj", "{5456C754-7577-4685-A6E4-97959E8B25A0}"
EndProject
Project("{9A19103F-16F7-4668-BE54-9A1E7A4F7556}") = "IdentityServer.Lib", "..\Common\EDennis.Samples.IdentityServer\IdentityServer.Lib\IdentityServer.Lib.csproj", "{14BAA4F3-9E7E-479A-B739-83AA2E4B18AD}"
EndProject
Project("{9A19103F-16F7-4668-BE54-9A1E7A4F7556}") = "IdentityServer", "..\Common\EDennis.Samples.IdentityServer\IdentityServer\IdentityServer.csproj", "{1CA5F153-6541-4CBF-87B3-F3033338CE87}"
EndProject
Project("{FAE04EC0-301F-11D3-BF4B-00C04F79EFBC}") = "EDennis.Samples.DbContextInterceptorMiddlewareApi", "EDennis.Samples.DbContextInterceptorMiddlewareApi\EDennis.Samples.DbContextInterceptorMiddlewareApi.csproj", "{5DD66ABE-4F7F-4B84-9DAF-36038E9160D5}"
EndProject
Project("{FAE04EC0-301F-11D3-BF4B-00C04F79EFBC}") = "EDennis.Samples.DbContextInterceptorMiddlewareApi.Lib", "EDennis.Samples.DbContextInterceptorMiddlewareApi.Lib\EDennis.Samples.DbContextInterceptorMiddlewareApi.Lib.csproj", "{DA963DA6-C3A2-446B-B948-FBFCA320129E}"
EndProject
Project("{FAE04EC0-301F-11D3-BF4B-00C04F79EFBC}") = "EDennis.Samples.HeadersToClaimsMiddlewareApi", "EDennis.Samples.HeadersToClaimsMiddlewareApi\EDennis.Samples.HeadersToClaimsMiddlewareApi.csproj", "{BA915C63-2904-4D42-AFFC-1F98C43F6B0B}"
EndProject
Project("{FAE04EC0-301F-11D3-BF4B-00C04F79EFBC}") = "EDennis.Samples.HeadersToClaimsMiddlewareApi.Lib", "EDennis.Samples.HeadersToClaimsMiddlewareApi.Lib\EDennis.Samples.HeadersToClaimsMiddlewareApi.Lib.csproj", "{9FA6104C-39F3-4A40-88DB-131827957FC5}"
EndProject
Project("{FAE04EC0-301F-11D3-BF4B-00C04F79EFBC}") = "EDennis.Samples.MockClientMiddlewareApi", "EDennis.Samples.MockClientMiddlewareApi\EDennis.Samples.MockClientMiddlewareApi.csproj", "{35FD048E-0D32-4D5A-9CD8-502C4C55F6F6}"
EndProject
Project("{FAE04EC0-301F-11D3-BF4B-00C04F79EFBC}") = "EDennis.Samples.MockClientMiddlewareApi.Lib", "EDennis.Samples.MockClientMiddlewareApi.Lib\EDennis.Samples.MockClientMiddlewareApi.Lib.csproj", "{71917873-9F85-4A10-A522-1E4DC63FB27E}"
EndProject
Project("{FAE04EC0-301F-11D3-BF4B-00C04F79EFBC}") = "EDennis.Samples.MockHeadersMiddlewareApi", "EDennis.Samples.MockHeadersMiddlewareApi\EDennis.Samples.MockHeadersMiddlewareApi.csproj", "{8268C143-DB46-4A78-8060-24086CE5F47F}"
EndProject
Project("{FAE04EC0-301F-11D3-BF4B-00C04F79EFBC}") = "EDennis.Samples.MockHeadersMiddlewareApi.Lib", "EDennis.Samples.MockHeadersMiddlewareApi.Lib\EDennis.Samples.MockHeadersMiddlewareApi.Lib.csproj", "{35B66914-A2A2-4E1C-B9BB-39524D5FB0D1}"
EndProject
Project("{FAE04EC0-301F-11D3-BF4B-00C04F79EFBC}") = "EDennis.Samples.ScopePropertiesMiddlewareApi", "EDennis.Samples.ScopePropertiesMiddlewareApi\EDennis.Samples.ScopePropertiesMiddlewareApi.csproj", "{A968E9ED-B330-4CFB-BEC1-DB4D37E7E6D7}"
EndProject
Project("{FAE04EC0-301F-11D3-BF4B-00C04F79EFBC}") = "EDennis.Samples.ScopePropertiesMiddlewareApi.Lib", "EDennis.Samples.ScopePropertiesMiddlewareApi.Lib\EDennis.Samples.ScopePropertiesMiddlewareApi.Lib.csproj", "{10729754-386F-4462-A82F-347972D897D3}"
EndProject
Project("{FAE04EC0-301F-11D3-BF4B-00C04F79EFBC}") = "EDennis.Samples.UserLoggerMiddlewareApi", "EDennis.Samples.UserLoggerMiddlewareApi\EDennis.Samples.UserLoggerMiddlewareApi.csproj", "{845FF84A-1C65-4D3D-9304-6D9D03EDBC99}"
EndProject
Project("{FAE04EC0-301F-11D3-BF4B-00C04F79EFBC}") = "EDennis.Samples.UserLoggerMiddlewareApi.Lib", "EDennis.Samples.UserLoggerMiddlewareApi.Lib\EDennis.Samples.UserLoggerMiddlewareApi.Lib.csproj", "{FBBE5B15-6CD8-467D-A79D-AAC51587EED9}"
EndProject
Global
	GlobalSection(SolutionConfigurationPlatforms) = preSolution
		Debug|Any CPU = Debug|Any CPU
		Release|Any CPU = Release|Any CPU
	EndGlobalSection
	GlobalSection(ProjectConfigurationPlatforms) = postSolution
		{5456C754-7577-4685-A6E4-97959E8B25A0}.Debug|Any CPU.ActiveCfg = Debug|Any CPU
		{5456C754-7577-4685-A6E4-97959E8B25A0}.Debug|Any CPU.Build.0 = Debug|Any CPU
		{5456C754-7577-4685-A6E4-97959E8B25A0}.Release|Any CPU.ActiveCfg = Release|Any CPU
		{5456C754-7577-4685-A6E4-97959E8B25A0}.Release|Any CPU.Build.0 = Release|Any CPU
		{14BAA4F3-9E7E-479A-B739-83AA2E4B18AD}.Debug|Any CPU.ActiveCfg = Debug|Any CPU
		{14BAA4F3-9E7E-479A-B739-83AA2E4B18AD}.Debug|Any CPU.Build.0 = Debug|Any CPU
		{14BAA4F3-9E7E-479A-B739-83AA2E4B18AD}.Release|Any CPU.ActiveCfg = Release|Any CPU
		{14BAA4F3-9E7E-479A-B739-83AA2E4B18AD}.Release|Any CPU.Build.0 = Release|Any CPU
		{1CA5F153-6541-4CBF-87B3-F3033338CE87}.Debug|Any CPU.ActiveCfg = Debug|Any CPU
		{1CA5F153-6541-4CBF-87B3-F3033338CE87}.Debug|Any CPU.Build.0 = Debug|Any CPU
		{1CA5F153-6541-4CBF-87B3-F3033338CE87}.Release|Any CPU.ActiveCfg = Release|Any CPU
		{1CA5F153-6541-4CBF-87B3-F3033338CE87}.Release|Any CPU.Build.0 = Release|Any CPU
		{5DD66ABE-4F7F-4B84-9DAF-36038E9160D5}.Debug|Any CPU.ActiveCfg = Debug|Any CPU
		{5DD66ABE-4F7F-4B84-9DAF-36038E9160D5}.Debug|Any CPU.Build.0 = Debug|Any CPU
		{5DD66ABE-4F7F-4B84-9DAF-36038E9160D5}.Release|Any CPU.ActiveCfg = Release|Any CPU
		{5DD66ABE-4F7F-4B84-9DAF-36038E9160D5}.Release|Any CPU.Build.0 = Release|Any CPU
		{DA963DA6-C3A2-446B-B948-FBFCA320129E}.Debug|Any CPU.ActiveCfg = Debug|Any CPU
		{DA963DA6-C3A2-446B-B948-FBFCA320129E}.Debug|Any CPU.Build.0 = Debug|Any CPU
		{DA963DA6-C3A2-446B-B948-FBFCA320129E}.Release|Any CPU.ActiveCfg = Release|Any CPU
		{DA963DA6-C3A2-446B-B948-FBFCA320129E}.Release|Any CPU.Build.0 = Release|Any CPU
		{BA915C63-2904-4D42-AFFC-1F98C43F6B0B}.Debug|Any CPU.ActiveCfg = Debug|Any CPU
		{BA915C63-2904-4D42-AFFC-1F98C43F6B0B}.Debug|Any CPU.Build.0 = Debug|Any CPU
		{BA915C63-2904-4D42-AFFC-1F98C43F6B0B}.Release|Any CPU.ActiveCfg = Release|Any CPU
		{BA915C63-2904-4D42-AFFC-1F98C43F6B0B}.Release|Any CPU.Build.0 = Release|Any CPU
		{9FA6104C-39F3-4A40-88DB-131827957FC5}.Debug|Any CPU.ActiveCfg = Debug|Any CPU
		{9FA6104C-39F3-4A40-88DB-131827957FC5}.Debug|Any CPU.Build.0 = Debug|Any CPU
		{9FA6104C-39F3-4A40-88DB-131827957FC5}.Release|Any CPU.ActiveCfg = Release|Any CPU
		{9FA6104C-39F3-4A40-88DB-131827957FC5}.Release|Any CPU.Build.0 = Release|Any CPU
		{35FD048E-0D32-4D5A-9CD8-502C4C55F6F6}.Debug|Any CPU.ActiveCfg = Debug|Any CPU
		{35FD048E-0D32-4D5A-9CD8-502C4C55F6F6}.Debug|Any CPU.Build.0 = Debug|Any CPU
		{35FD048E-0D32-4D5A-9CD8-502C4C55F6F6}.Release|Any CPU.ActiveCfg = Release|Any CPU
		{35FD048E-0D32-4D5A-9CD8-502C4C55F6F6}.Release|Any CPU.Build.0 = Release|Any CPU
		{71917873-9F85-4A10-A522-1E4DC63FB27E}.Debug|Any CPU.ActiveCfg = Debug|Any CPU
		{71917873-9F85-4A10-A522-1E4DC63FB27E}.Debug|Any CPU.Build.0 = Debug|Any CPU
		{71917873-9F85-4A10-A522-1E4DC63FB27E}.Release|Any CPU.ActiveCfg = Release|Any CPU
		{71917873-9F85-4A10-A522-1E4DC63FB27E}.Release|Any CPU.Build.0 = Release|Any CPU
		{8268C143-DB46-4A78-8060-24086CE5F47F}.Debug|Any CPU.ActiveCfg = Debug|Any CPU
		{8268C143-DB46-4A78-8060-24086CE5F47F}.Debug|Any CPU.Build.0 = Debug|Any CPU
		{8268C143-DB46-4A78-8060-24086CE5F47F}.Release|Any CPU.ActiveCfg = Release|Any CPU
		{8268C143-DB46-4A78-8060-24086CE5F47F}.Release|Any CPU.Build.0 = Release|Any CPU
		{35B66914-A2A2-4E1C-B9BB-39524D5FB0D1}.Debug|Any CPU.ActiveCfg = Debug|Any CPU
		{35B66914-A2A2-4E1C-B9BB-39524D5FB0D1}.Debug|Any CPU.Build.0 = Debug|Any CPU
		{35B66914-A2A2-4E1C-B9BB-39524D5FB0D1}.Release|Any CPU.ActiveCfg = Release|Any CPU
		{35B66914-A2A2-4E1C-B9BB-39524D5FB0D1}.Release|Any CPU.Build.0 = Release|Any CPU
		{A968E9ED-B330-4CFB-BEC1-DB4D37E7E6D7}.Debug|Any CPU.ActiveCfg = Debug|Any CPU
		{A968E9ED-B330-4CFB-BEC1-DB4D37E7E6D7}.Debug|Any CPU.Build.0 = Debug|Any CPU
		{A968E9ED-B330-4CFB-BEC1-DB4D37E7E6D7}.Release|Any CPU.ActiveCfg = Release|Any CPU
		{A968E9ED-B330-4CFB-BEC1-DB4D37E7E6D7}.Release|Any CPU.Build.0 = Release|Any CPU
		{10729754-386F-4462-A82F-347972D897D3}.Debug|Any CPU.ActiveCfg = Debug|Any CPU
		{10729754-386F-4462-A82F-347972D897D3}.Debug|Any CPU.Build.0 = Debug|Any CPU
		{10729754-386F-4462-A82F-347972D897D3}.Release|Any CPU.ActiveCfg = Release|Any CPU
		{10729754-386F-4462-A82F-347972D897D3}.Release|Any CPU.Build.0 = Release|Any CPU
		{845FF84A-1C65-4D3D-9304-6D9D03EDBC99}.Debug|Any CPU.ActiveCfg = Debug|Any CPU
		{845FF84A-1C65-4D3D-9304-6D9D03EDBC99}.Debug|Any CPU.Build.0 = Debug|Any CPU
		{845FF84A-1C65-4D3D-9304-6D9D03EDBC99}.Release|Any CPU.ActiveCfg = Release|Any CPU
		{845FF84A-1C65-4D3D-9304-6D9D03EDBC99}.Release|Any CPU.Build.0 = Release|Any CPU
		{FBBE5B15-6CD8-467D-A79D-AAC51587EED9}.Debug|Any CPU.ActiveCfg = Debug|Any CPU
		{FBBE5B15-6CD8-467D-A79D-AAC51587EED9}.Debug|Any CPU.Build.0 = Debug|Any CPU
		{FBBE5B15-6CD8-467D-A79D-AAC51587EED9}.Release|Any CPU.ActiveCfg = Release|Any CPU
		{FBBE5B15-6CD8-467D-A79D-AAC51587EED9}.Release|Any CPU.Build.0 = Release|Any CPU
	EndGlobalSection
	GlobalSection(SolutionProperties) = preSolution
		HideSolutionNode = FALSE
	EndGlobalSection
	GlobalSection(ExtensibilityGlobals) = postSolution
		SolutionGuid = {E86A58DF-666A-4DEB-A18F-443E9369DD35}
	EndGlobalSection
EndGlobal
