
Microsoft Visual Studio Solution File, Format Version 12.00
# Visual Studio Version 16
VisualStudioVersion = 16.0.29503.13
MinimumVisualStudioVersion = 10.0.40219.1
Project("{9A19103F-16F7-4668-BE54-9A1E7A4F7556}") = "Colors2Api", "Colors2Api\Colors2Api.csproj", "{F68C29FF-722A-402F-B14A-80850ABB6881}"
EndProject
Project("{9A19103F-16F7-4668-BE54-9A1E7A4F7556}") = "Colors2Api.Lib", "Colors2Api.Lib\Colors2Api.Lib.csproj", "{8FC41FDC-6F16-4EEC-8C48-BF12D833BFB7}"
EndProject
Project("{9A19103F-16F7-4668-BE54-9A1E7A4F7556}") = "Colors2Api.ControllerTests", "Colors2Api.ControllerTests\Colors2Api.ControllerTests.csproj", "{02B168B9-83C1-4BF5-8A69-55E0896B5740}"
EndProject
Project("{9A19103F-16F7-4668-BE54-9A1E7A4F7556}") = "Colors2Api.EndpointTests", "Colors2Api.EndpointTests\Colors2Api.EndpointTests.csproj", "{82BC9AB7-E53C-489C-9056-DF88BC7FEF8E}"
EndProject
Project("{9A19103F-16F7-4668-BE54-9A1E7A4F7556}") = "EDennis.AspNetCore.Base", "..\..\src\EDennis.AspNetCore.Base\EDennis.AspNetCore.Base.csproj", "{F808DC21-C8FF-4658-8305-223603CB4A0C}"
EndProject
Project("{9A19103F-16F7-4668-BE54-9A1E7A4F7556}") = "Colors2Repo", "..\RepoTests\Colors2Repo\Colors2Repo.csproj", "{C5EC22DD-9610-4A12-9CD7-727B2B2FDAED}"
EndProject
Global
	GlobalSection(SolutionConfigurationPlatforms) = preSolution
		Debug|Any CPU = Debug|Any CPU
		Release|Any CPU = Release|Any CPU
	EndGlobalSection
	GlobalSection(ProjectConfigurationPlatforms) = postSolution
		{F68C29FF-722A-402F-B14A-80850ABB6881}.Debug|Any CPU.ActiveCfg = Debug|Any CPU
		{F68C29FF-722A-402F-B14A-80850ABB6881}.Debug|Any CPU.Build.0 = Debug|Any CPU
		{F68C29FF-722A-402F-B14A-80850ABB6881}.Release|Any CPU.ActiveCfg = Release|Any CPU
		{F68C29FF-722A-402F-B14A-80850ABB6881}.Release|Any CPU.Build.0 = Release|Any CPU
		{8FC41FDC-6F16-4EEC-8C48-BF12D833BFB7}.Debug|Any CPU.ActiveCfg = Debug|Any CPU
		{8FC41FDC-6F16-4EEC-8C48-BF12D833BFB7}.Debug|Any CPU.Build.0 = Debug|Any CPU
		{8FC41FDC-6F16-4EEC-8C48-BF12D833BFB7}.Release|Any CPU.ActiveCfg = Release|Any CPU
		{8FC41FDC-6F16-4EEC-8C48-BF12D833BFB7}.Release|Any CPU.Build.0 = Release|Any CPU
		{02B168B9-83C1-4BF5-8A69-55E0896B5740}.Debug|Any CPU.ActiveCfg = Debug|Any CPU
		{02B168B9-83C1-4BF5-8A69-55E0896B5740}.Debug|Any CPU.Build.0 = Debug|Any CPU
		{02B168B9-83C1-4BF5-8A69-55E0896B5740}.Release|Any CPU.ActiveCfg = Release|Any CPU
		{02B168B9-83C1-4BF5-8A69-55E0896B5740}.Release|Any CPU.Build.0 = Release|Any CPU
		{82BC9AB7-E53C-489C-9056-DF88BC7FEF8E}.Debug|Any CPU.ActiveCfg = Debug|Any CPU
		{82BC9AB7-E53C-489C-9056-DF88BC7FEF8E}.Debug|Any CPU.Build.0 = Debug|Any CPU
		{82BC9AB7-E53C-489C-9056-DF88BC7FEF8E}.Release|Any CPU.ActiveCfg = Release|Any CPU
		{82BC9AB7-E53C-489C-9056-DF88BC7FEF8E}.Release|Any CPU.Build.0 = Release|Any CPU
		{F808DC21-C8FF-4658-8305-223603CB4A0C}.Debug|Any CPU.ActiveCfg = Debug|Any CPU
		{F808DC21-C8FF-4658-8305-223603CB4A0C}.Debug|Any CPU.Build.0 = Debug|Any CPU
		{F808DC21-C8FF-4658-8305-223603CB4A0C}.Release|Any CPU.ActiveCfg = Release|Any CPU
		{F808DC21-C8FF-4658-8305-223603CB4A0C}.Release|Any CPU.Build.0 = Release|Any CPU
		{C5EC22DD-9610-4A12-9CD7-727B2B2FDAED}.Debug|Any CPU.ActiveCfg = Debug|Any CPU
		{C5EC22DD-9610-4A12-9CD7-727B2B2FDAED}.Debug|Any CPU.Build.0 = Debug|Any CPU
		{C5EC22DD-9610-4A12-9CD7-727B2B2FDAED}.Release|Any CPU.ActiveCfg = Release|Any CPU
		{C5EC22DD-9610-4A12-9CD7-727B2B2FDAED}.Release|Any CPU.Build.0 = Release|Any CPU
	EndGlobalSection
	GlobalSection(SolutionProperties) = preSolution
		HideSolutionNode = FALSE
	EndGlobalSection
	GlobalSection(ExtensibilityGlobals) = postSolution
		SolutionGuid = {A107CF1A-EAED-41AE-B22B-4C3345833723}
	EndGlobalSection
EndGlobal
