
Microsoft Visual Studio Solution File, Format Version 12.00
# Visual Studio Version 16
VisualStudioVersion = 16.0.29503.13
MinimumVisualStudioVersion = 10.0.40219.1
Project("{9A19103F-16F7-4668-BE54-9A1E7A4F7556}") = "EDennis.AspNetCore.Base", "..\..\src\EDennis.AspNetCore.Base\EDennis.AspNetCore.Base.csproj", "{B9F95236-09C0-4EF3-9E08-1F271A265CB8}"
EndProject
Project("{9A19103F-16F7-4668-BE54-9A1E7A4F7556}") = "ColorsRepo", "ColorsRepo\ColorsRepo.csproj", "{D28120F3-9792-46FA-983E-81ADC3C2B3F7}"
EndProject
Project("{9A19103F-16F7-4668-BE54-9A1E7A4F7556}") = "Colors2Repo", "Colors2Repo\Colors2Repo.csproj", "{D515DD31-C4F4-49FD-8F5B-043519B6D82F}"
EndProject
Project("{9A19103F-16F7-4668-BE54-9A1E7A4F7556}") = "ColorsRepo.Tests", "ColorsRepo.Tests\ColorsRepo.Tests.csproj", "{B365E37B-4D6F-4D0B-950E-5E3D8E3C613A}"
EndProject
Project("{9A19103F-16F7-4668-BE54-9A1E7A4F7556}") = "Colors2Repo.Tests", "Colors2Repo.Tests\Colors2Repo.Tests.csproj", "{0983095B-E212-4A9D-8E9A-DF0624A25C00}"
EndProject
Project("{FAE04EC0-301F-11D3-BF4B-00C04F79EFBC}") = "Migrator", "Migrator\Migrator.csproj", "{75E97E0C-4EE7-4784-9E3A-746D5CB14446}"
EndProject
Global
	GlobalSection(SolutionConfigurationPlatforms) = preSolution
		Debug|Any CPU = Debug|Any CPU
		Release|Any CPU = Release|Any CPU
	EndGlobalSection
	GlobalSection(ProjectConfigurationPlatforms) = postSolution
		{B9F95236-09C0-4EF3-9E08-1F271A265CB8}.Debug|Any CPU.ActiveCfg = Debug|Any CPU
		{B9F95236-09C0-4EF3-9E08-1F271A265CB8}.Debug|Any CPU.Build.0 = Debug|Any CPU
		{B9F95236-09C0-4EF3-9E08-1F271A265CB8}.Release|Any CPU.ActiveCfg = Release|Any CPU
		{B9F95236-09C0-4EF3-9E08-1F271A265CB8}.Release|Any CPU.Build.0 = Release|Any CPU
		{D28120F3-9792-46FA-983E-81ADC3C2B3F7}.Debug|Any CPU.ActiveCfg = Debug|Any CPU
		{D28120F3-9792-46FA-983E-81ADC3C2B3F7}.Debug|Any CPU.Build.0 = Debug|Any CPU
		{D28120F3-9792-46FA-983E-81ADC3C2B3F7}.Release|Any CPU.ActiveCfg = Release|Any CPU
		{D28120F3-9792-46FA-983E-81ADC3C2B3F7}.Release|Any CPU.Build.0 = Release|Any CPU
		{D515DD31-C4F4-49FD-8F5B-043519B6D82F}.Debug|Any CPU.ActiveCfg = Debug|Any CPU
		{D515DD31-C4F4-49FD-8F5B-043519B6D82F}.Debug|Any CPU.Build.0 = Debug|Any CPU
		{D515DD31-C4F4-49FD-8F5B-043519B6D82F}.Release|Any CPU.ActiveCfg = Release|Any CPU
		{D515DD31-C4F4-49FD-8F5B-043519B6D82F}.Release|Any CPU.Build.0 = Release|Any CPU
		{B365E37B-4D6F-4D0B-950E-5E3D8E3C613A}.Debug|Any CPU.ActiveCfg = Debug|Any CPU
		{B365E37B-4D6F-4D0B-950E-5E3D8E3C613A}.Debug|Any CPU.Build.0 = Debug|Any CPU
		{B365E37B-4D6F-4D0B-950E-5E3D8E3C613A}.Release|Any CPU.ActiveCfg = Release|Any CPU
		{B365E37B-4D6F-4D0B-950E-5E3D8E3C613A}.Release|Any CPU.Build.0 = Release|Any CPU
		{0983095B-E212-4A9D-8E9A-DF0624A25C00}.Debug|Any CPU.ActiveCfg = Debug|Any CPU
		{0983095B-E212-4A9D-8E9A-DF0624A25C00}.Debug|Any CPU.Build.0 = Debug|Any CPU
		{0983095B-E212-4A9D-8E9A-DF0624A25C00}.Release|Any CPU.ActiveCfg = Release|Any CPU
		{0983095B-E212-4A9D-8E9A-DF0624A25C00}.Release|Any CPU.Build.0 = Release|Any CPU
		{75E97E0C-4EE7-4784-9E3A-746D5CB14446}.Debug|Any CPU.ActiveCfg = Debug|Any CPU
		{75E97E0C-4EE7-4784-9E3A-746D5CB14446}.Debug|Any CPU.Build.0 = Debug|Any CPU
		{75E97E0C-4EE7-4784-9E3A-746D5CB14446}.Release|Any CPU.ActiveCfg = Release|Any CPU
		{75E97E0C-4EE7-4784-9E3A-746D5CB14446}.Release|Any CPU.Build.0 = Release|Any CPU
	EndGlobalSection
	GlobalSection(SolutionProperties) = preSolution
		HideSolutionNode = FALSE
	EndGlobalSection
	GlobalSection(ExtensibilityGlobals) = postSolution
		SolutionGuid = {3B2A9F03-7852-4C24-BFB4-539A968A5299}
	EndGlobalSection
EndGlobal
