
Microsoft Visual Studio Solution File, Format Version 12.00
# Visual Studio Version 16
VisualStudioVersion = 16.0.29503.13
MinimumVisualStudioVersion = 10.0.40219.1
Project("{9A19103F-16F7-4668-BE54-9A1E7A4F7556}") = "EDennis.AspNetCore.Base", "..\..\src\EDennis.AspNetCore.Base\EDennis.AspNetCore.Base.csproj", "{B9F95236-09C0-4EF3-9E08-1F271A265CB8}"
EndProject
Project("{9A19103F-16F7-4668-BE54-9A1E7A4F7556}") = "ColorsRepo", "ColorsRepo\ColorsRepo.csproj", "{D28120F3-9792-46FA-983E-81ADC3C2B3F7}"
EndProject
Project("{9A19103F-16F7-4668-BE54-9A1E7A4F7556}") = "Colors2Repo", "Colors2Repo\Colors2Repo.csproj", "{D515DD31-C4F4-49FD-8F5B-043519B6D82F}"
EndProject
Project("{9A19103F-16F7-4668-BE54-9A1E7A4F7556}") = "RepoTests", "RepoTests\RepoTests.csproj", "{A9286F41-47AE-442B-8363-9B0B622F655D}"
EndProject
Project("{9A19103F-16F7-4668-BE54-9A1E7A4F7556}") = "ColorsRepo.Migrator", "ColorsRepo.Migrator\ColorsRepo.Migrator.csproj", "{93627B6A-5B25-4800-99F0-27B6E08E3B08}"
EndProject
Project("{9A19103F-16F7-4668-BE54-9A1E7A4F7556}") = "Colors2Repo.Migrator", "Colors2Repo.Migrator\Colors2Repo.Migrator.csproj", "{FA874F2E-5B5F-407B-A4ED-F1C8C94C8304}"
EndProject
Project("{9A19103F-16F7-4668-BE54-9A1E7A4F7556}") = "EDennis.MigrationsExtensions", "..\..\..\EDennis.MigrationsExtensions\EDennis.MigrationsExtensions\EDennis.MigrationsExtensions.csproj", "{3D48F625-3BCC-43FC-9129-0790C9A0898D}"
EndProject
Global
	GlobalSection(SolutionConfigurationPlatforms) = preSolution
		Debug|Any CPU = Debug|Any CPU
		Release|Any CPU = Release|Any CPU
	EndGlobalSection
	GlobalSection(ProjectConfigurationPlatforms) = postSolution
		{B9F95236-09C0-4EF3-9E08-1F271A265CB8}.Debug|Any CPU.ActiveCfg = Debug|Any CPU
		{B9F95236-09C0-4EF3-9E08-1F271A265CB8}.Debug|Any CPU.Build.0 = Debug|Any CPU
		{B9F95236-09C0-4EF3-9E08-1F271A265CB8}.Release|Any CPU.ActiveCfg = Release|Any CPU
		{B9F95236-09C0-4EF3-9E08-1F271A265CB8}.Release|Any CPU.Build.0 = Release|Any CPU
		{D28120F3-9792-46FA-983E-81ADC3C2B3F7}.Debug|Any CPU.ActiveCfg = Debug|Any CPU
		{D28120F3-9792-46FA-983E-81ADC3C2B3F7}.Debug|Any CPU.Build.0 = Debug|Any CPU
		{D28120F3-9792-46FA-983E-81ADC3C2B3F7}.Release|Any CPU.ActiveCfg = Release|Any CPU
		{D28120F3-9792-46FA-983E-81ADC3C2B3F7}.Release|Any CPU.Build.0 = Release|Any CPU
		{D515DD31-C4F4-49FD-8F5B-043519B6D82F}.Debug|Any CPU.ActiveCfg = Debug|Any CPU
		{D515DD31-C4F4-49FD-8F5B-043519B6D82F}.Debug|Any CPU.Build.0 = Debug|Any CPU
		{D515DD31-C4F4-49FD-8F5B-043519B6D82F}.Release|Any CPU.ActiveCfg = Release|Any CPU
		{D515DD31-C4F4-49FD-8F5B-043519B6D82F}.Release|Any CPU.Build.0 = Release|Any CPU
		{A9286F41-47AE-442B-8363-9B0B622F655D}.Debug|Any CPU.ActiveCfg = Debug|Any CPU
		{A9286F41-47AE-442B-8363-9B0B622F655D}.Debug|Any CPU.Build.0 = Debug|Any CPU
		{A9286F41-47AE-442B-8363-9B0B622F655D}.Release|Any CPU.ActiveCfg = Release|Any CPU
		{A9286F41-47AE-442B-8363-9B0B622F655D}.Release|Any CPU.Build.0 = Release|Any CPU
		{93627B6A-5B25-4800-99F0-27B6E08E3B08}.Debug|Any CPU.ActiveCfg = Debug|Any CPU
		{93627B6A-5B25-4800-99F0-27B6E08E3B08}.Debug|Any CPU.Build.0 = Debug|Any CPU
		{93627B6A-5B25-4800-99F0-27B6E08E3B08}.Release|Any CPU.ActiveCfg = Release|Any CPU
		{93627B6A-5B25-4800-99F0-27B6E08E3B08}.Release|Any CPU.Build.0 = Release|Any CPU
		{FA874F2E-5B5F-407B-A4ED-F1C8C94C8304}.Debug|Any CPU.ActiveCfg = Debug|Any CPU
		{FA874F2E-5B5F-407B-A4ED-F1C8C94C8304}.Debug|Any CPU.Build.0 = Debug|Any CPU
		{FA874F2E-5B5F-407B-A4ED-F1C8C94C8304}.Release|Any CPU.ActiveCfg = Release|Any CPU
		{FA874F2E-5B5F-407B-A4ED-F1C8C94C8304}.Release|Any CPU.Build.0 = Release|Any CPU
		{3D48F625-3BCC-43FC-9129-0790C9A0898D}.Debug|Any CPU.ActiveCfg = Debug|Any CPU
		{3D48F625-3BCC-43FC-9129-0790C9A0898D}.Debug|Any CPU.Build.0 = Debug|Any CPU
		{3D48F625-3BCC-43FC-9129-0790C9A0898D}.Release|Any CPU.ActiveCfg = Release|Any CPU
		{3D48F625-3BCC-43FC-9129-0790C9A0898D}.Release|Any CPU.Build.0 = Release|Any CPU
	EndGlobalSection
	GlobalSection(SolutionProperties) = preSolution
		HideSolutionNode = FALSE
	EndGlobalSection
	GlobalSection(ExtensibilityGlobals) = postSolution
		SolutionGuid = {3B2A9F03-7852-4C24-BFB4-539A968A5299}
	EndGlobalSection
EndGlobal
