
Microsoft Visual Studio Solution File, Format Version 12.00
# Visual Studio Version 16
VisualStudioVersion = 16.0.29709.97
MinimumVisualStudioVersion = 10.0.40219.1
Project("{9A19103F-16F7-4668-BE54-9A1E7A4F7556}") = "Hr.BlazorApp.Launcher", "Hr.Launcher\Hr.BlazorApp.Launcher.csproj", "{F883FF32-8C93-4D83-8E23-30BAD383224A}"
EndProject
Project("{2150E333-8FDC-42A3-9474-1A3956D46DE8}") = "SolutionFiles", "SolutionFiles", "{0D3BCC3D-8F63-4E30-BF94-9B5106E3B3B8}"
EndProject
Project("{9A19103F-16F7-4668-BE54-9A1E7A4F7556}") = "Hr.BlazorApp", "Hr.BlazorApp\Hr.BlazorApp.csproj", "{03519BB4-5288-4345-9B3F-E16E24704B87}"
EndProject
Project("{FAE04EC0-301F-11D3-BF4B-00C04F79EFBC}") = "Hr.BlazorApp.Lib", "Hr.BlazorApp.Lib\Hr.BlazorApp.Lib.csproj", "{931E23B9-2536-4037-A9EC-4365F2461B34}"
EndProject
Global
	GlobalSection(SolutionConfigurationPlatforms) = preSolution
		Debug|Any CPU = Debug|Any CPU
		Release|Any CPU = Release|Any CPU
	EndGlobalSection
	GlobalSection(ProjectConfigurationPlatforms) = postSolution
		{F883FF32-8C93-4D83-8E23-30BAD383224A}.Debug|Any CPU.ActiveCfg = Debug|Any CPU
		{F883FF32-8C93-4D83-8E23-30BAD383224A}.Debug|Any CPU.Build.0 = Debug|Any CPU
		{F883FF32-8C93-4D83-8E23-30BAD383224A}.Release|Any CPU.ActiveCfg = Release|Any CPU
		{F883FF32-8C93-4D83-8E23-30BAD383224A}.Release|Any CPU.Build.0 = Release|Any CPU
		{03519BB4-5288-4345-9B3F-E16E24704B87}.Debug|Any CPU.ActiveCfg = Debug|Any CPU
		{03519BB4-5288-4345-9B3F-E16E24704B87}.Debug|Any CPU.Build.0 = Debug|Any CPU
		{03519BB4-5288-4345-9B3F-E16E24704B87}.Release|Any CPU.ActiveCfg = Release|Any CPU
		{03519BB4-5288-4345-9B3F-E16E24704B87}.Release|Any CPU.Build.0 = Release|Any CPU
		{931E23B9-2536-4037-A9EC-4365F2461B34}.Debug|Any CPU.ActiveCfg = Debug|Any CPU
		{931E23B9-2536-4037-A9EC-4365F2461B34}.Debug|Any CPU.Build.0 = Debug|Any CPU
		{931E23B9-2536-4037-A9EC-4365F2461B34}.Release|Any CPU.ActiveCfg = Release|Any CPU
		{931E23B9-2536-4037-A9EC-4365F2461B34}.Release|Any CPU.Build.0 = Release|Any CPU
	EndGlobalSection
	GlobalSection(SolutionProperties) = preSolution
		HideSolutionNode = FALSE
	EndGlobalSection
	GlobalSection(ExtensibilityGlobals) = postSolution
		SolutionGuid = {28A242BF-397E-4628-B9EB-01CC126F1F00}
	EndGlobalSection
EndGlobal
