
Microsoft Visual Studio Solution File, Format Version 12.00
# Visual Studio Version 16
VisualStudioVersion = 16.0.29230.61
MinimumVisualStudioVersion = 10.0.40219.1
Project("{9A19103F-16F7-4668-BE54-9A1E7A4F7556}") = "EDennis.AspNetCore.Base", "EDennis.AspNetCore.Base\EDennis.AspNetCore.Base.csproj", "{11EF6620-8034-4D03-A1C9-032FED7523AD}"
EndProject
Project("{2150E333-8FDC-42A3-9474-1A3956D46DE8}") = "Wiki", "Wiki", "{F42482EE-F8F1-4FD9-B5AF-EA66F91FC3E4}"
	ProjectSection(SolutionItems) = preProject
		Wiki\apiLauncher.png = Wiki\apiLauncher.png
		Wiki\ApiLauncherConsoleExample.png = Wiki\ApiLauncherConsoleExample.png
		Wiki\apiLauncherHiRes.png = Wiki\apiLauncherHiRes.png
		Wiki\DefaultPolicies.png = Wiki\DefaultPolicies.png
		Wiki\FourRepoTypes.png = Wiki\FourRepoTypes.png
		Wiki\ParallelArchitecture.jpg = Wiki\ParallelArchitecture.jpg
		README.md = README.md
		Wiki\TemporalEntities.png = Wiki\TemporalEntities.png
	EndProjectSection
EndProject
Project("{2150E333-8FDC-42A3-9474-1A3956D46DE8}") = "OldTestProjects", "OldTestProjects", "{9D5DF897-6981-44CF-80DD-04AF445B486D}"
EndProject
Global
	GlobalSection(SolutionConfigurationPlatforms) = preSolution
		Debug|Any CPU = Debug|Any CPU
		Release|Any CPU = Release|Any CPU
	EndGlobalSection
	GlobalSection(ProjectConfigurationPlatforms) = postSolution
		{11EF6620-8034-4D03-A1C9-032FED7523AD}.Debug|Any CPU.ActiveCfg = Debug|Any CPU
		{11EF6620-8034-4D03-A1C9-032FED7523AD}.Debug|Any CPU.Build.0 = Debug|Any CPU
		{11EF6620-8034-4D03-A1C9-032FED7523AD}.Release|Any CPU.ActiveCfg = Release|Any CPU
		{11EF6620-8034-4D03-A1C9-032FED7523AD}.Release|Any CPU.Build.0 = Release|Any CPU
	EndGlobalSection
	GlobalSection(SolutionProperties) = preSolution
		HideSolutionNode = FALSE
	EndGlobalSection
	GlobalSection(ExtensibilityGlobals) = postSolution
		SolutionGuid = {A4C535BF-16F2-4A03-98D7-358BEB5523A0}
	EndGlobalSection
EndGlobal
